
Microsoft Visual Studio Solution File, Format Version 12.00
# Visual Studio Version 17
VisualStudioVersion = 17.11.35312.102
MinimumVisualStudioVersion = 10.0.40219.1
Project("{FAE04EC0-301F-11D3-BF4B-00C04F79EFBC}") = "WS-Client", "WS-Client.csproj", "{3C5C9969-870D-4C8F-8178-FBFE78ADCA92}"
EndProject
Global
	GlobalSection(SolutionConfigurationPlatforms) = preSolution
		Debug|Any CPU = Debug|Any CPU
		Release|Any CPU = Release|Any CPU
	EndGlobalSection
	GlobalSection(ProjectConfigurationPlatforms) = postSolution
		{3C5C9969-870D-4C8F-8178-FBFE78ADCA92}.Debug|Any CPU.ActiveCfg = Debug|Any CPU
		{3C5C9969-870D-4C8F-8178-FBFE78ADCA92}.Debug|Any CPU.Build.0 = Debug|Any CPU
		{3C5C9969-870D-4C8F-8178-FBFE78ADCA92}.Release|Any CPU.ActiveCfg = Release|Any CPU
		{3C5C9969-870D-4C8F-8178-FBFE78ADCA92}.Release|Any CPU.Build.0 = Release|Any CPU
	EndGlobalSection
	GlobalSection(SolutionProperties) = preSolution
		HideSolutionNode = FALSE
	EndGlobalSection
	GlobalSection(ExtensibilityGlobals) = postSolution
		SolutionGuid = {06FF4040-BBD8-4EBB-858E-5C878BB60445}
	EndGlobalSection
EndGlobal
